// !$*UTF8*$!
{
	archiveVersion = 1;
	classes = {
	};
	objectVersion = 46;
	objects = {

/* Begin PBXBuildFile section */
		354501EB1DE1DC62007035C7 /* main.m in Sources */ = {isa = PBXBuildFile; fileRef = 354501EA1DE1DC62007035C7 /* main.m */; };
		354501EE1DE1DC62007035C7 /* AppDelegate.m in Sources */ = {isa = PBXBuildFile; fileRef = 354501ED1DE1DC62007035C7 /* AppDelegate.m */; };
		354501F11DE1DC62007035C7 /* ViewController.m in Sources */ = {isa = PBXBuildFile; fileRef = 354501F01DE1DC62007035C7 /* ViewController.m */; };
		354501F41DE1DC62007035C7 /* Main.storyboard in Resources */ = {isa = PBXBuildFile; fileRef = 354501F21DE1DC62007035C7 /* Main.storyboard */; };
		354501F61DE1DC62007035C7 /* Assets.xcassets in Resources */ = {isa = PBXBuildFile; fileRef = 354501F51DE1DC62007035C7 /* Assets.xcassets */; };
		354501F91DE1DC62007035C7 /* LaunchScreen.storyboard in Resources */ = {isa = PBXBuildFile; fileRef = 354501F71DE1DC62007035C7 /* LaunchScreen.storyboard */; };
		354502041DE1DC62007035C7 /* ____Tests.m in Sources */ = {isa = PBXBuildFile; fileRef = 354502031DE1DC62007035C7 /* ____Tests.m */; };
		3545020F1DE1DC62007035C7 /* ____UITests.m in Sources */ = {isa = PBXBuildFile; fileRef = 3545020E1DE1DC62007035C7 /* ____UITests.m */; };
		3545021E1DE1DC82007035C7 /* shuffleViewController.m in Sources */ = {isa = PBXBuildFile; fileRef = 3545021D1DE1DC82007035C7 /* shuffleViewController.m */; };
/* End PBXBuildFile section */

/* Begin PBXContainerItemProxy section */
		354502001DE1DC62007035C7 /* PBXContainerItemProxy */ = {
			isa = PBXContainerItemProxy;
			containerPortal = 354501DE1DE1DC62007035C7 /* Project object */;
			proxyType = 1;
			remoteGlobalIDString = 354501E51DE1DC62007035C7;
			remoteInfo = "算法练习";
		};
		3545020B1DE1DC62007035C7 /* PBXContainerItemProxy */ = {
			isa = PBXContainerItemProxy;
			containerPortal = 354501DE1DE1DC62007035C7 /* Project object */;
			proxyType = 1;
			remoteGlobalIDString = 354501E51DE1DC62007035C7;
			remoteInfo = "算法练习";
		};
/* End PBXContainerItemProxy section */

/* Begin PBXFileReference section */
		354501E61DE1DC62007035C7 /* 算法练习.app */ = {isa = PBXFileReference; explicitFileType = wrapper.application; includeInIndex = 0; path = "算法练习.app"; sourceTree = BUILT_PRODUCTS_DIR; };
		354501EA1DE1DC62007035C7 /* main.m */ = {isa = PBXFileReference; lastKnownFileType = sourcecode.c.objc; path = main.m; sourceTree = "<group>"; };
		354501EC1DE1DC62007035C7 /* AppDelegate.h */ = {isa = PBXFileReference; lastKnownFileType = sourcecode.c.h; path = AppDelegate.h; sourceTree = "<group>"; };
		354501ED1DE1DC62007035C7 /* AppDelegate.m */ = {isa = PBXFileReference; lastKnownFileType = sourcecode.c.objc; path = AppDelegate.m; sourceTree = "<group>"; };
		354501EF1DE1DC62007035C7 /* ViewController.h */ = {isa = PBXFileReference; lastKnownFileType = sourcecode.c.h; path = ViewController.h; sourceTree = "<group>"; };
		354501F01DE1DC62007035C7 /* ViewController.m */ = {isa = PBXFileReference; lastKnownFileType = sourcecode.c.objc; path = ViewController.m; sourceTree = "<group>"; };
		354501F31DE1DC62007035C7 /* Base */ = {isa = PBXFileReference; lastKnownFileType = file.storyboard; name = Base; path = Base.lproj/Main.storyboard; sourceTree = "<group>"; };
		354501F51DE1DC62007035C7 /* Assets.xcassets */ = {isa = PBXFileReference; lastKnownFileType = folder.assetcatalog; path = Assets.xcassets; sourceTree = "<group>"; };
		354501F81DE1DC62007035C7 /* Base */ = {isa = PBXFileReference; lastKnownFileType = file.storyboard; name = Base; path = Base.lproj/LaunchScreen.storyboard; sourceTree = "<group>"; };
		354501FA1DE1DC62007035C7 /* Info.plist */ = {isa = PBXFileReference; lastKnownFileType = text.plist.xml; path = Info.plist; sourceTree = "<group>"; };
		354501FF1DE1DC62007035C7 /* 算法练习Tests.xctest */ = {isa = PBXFileReference; explicitFileType = wrapper.cfbundle; includeInIndex = 0; path = "算法练习Tests.xctest"; sourceTree = BUILT_PRODUCTS_DIR; };
		354502031DE1DC62007035C7 /* ____Tests.m */ = {isa = PBXFileReference; lastKnownFileType = sourcecode.c.objc; path = "____Tests.m"; sourceTree = "<group>"; };
		354502051DE1DC62007035C7 /* Info.plist */ = {isa = PBXFileReference; lastKnownFileType = text.plist.xml; path = Info.plist; sourceTree = "<group>"; };
		3545020A1DE1DC62007035C7 /* 算法练习UITests.xctest */ = {isa = PBXFileReference; explicitFileType = wrapper.cfbundle; includeInIndex = 0; path = "算法练习UITests.xctest"; sourceTree = BUILT_PRODUCTS_DIR; };
		3545020E1DE1DC62007035C7 /* ____UITests.m */ = {isa = PBXFileReference; lastKnownFileType = sourcecode.c.objc; path = "____UITests.m"; sourceTree = "<group>"; };
		354502101DE1DC62007035C7 /* Info.plist */ = {isa = PBXFileReference; lastKnownFileType = text.plist.xml; path = Info.plist; sourceTree = "<group>"; };
		3545021C1DE1DC82007035C7 /* shuffleViewController.h */ = {isa = PBXFileReference; fileEncoding = 4; lastKnownFileType = sourcecode.c.h; path = shuffleViewController.h; sourceTree = "<group>"; };
		3545021D1DE1DC82007035C7 /* shuffleViewController.m */ = {isa = PBXFileReference; fileEncoding = 4; lastKnownFileType = sourcecode.c.objc; path = shuffleViewController.m; sourceTree = "<group>"; };
/* End PBXFileReference section */

/* Begin PBXFrameworksBuildPhase section */
		354501E31DE1DC62007035C7 /* Frameworks */ = {
			isa = PBXFrameworksBuildPhase;
			buildActionMask = 2147483647;
			files = (
			);
			runOnlyForDeploymentPostprocessing = 0;
		};
		354501FC1DE1DC62007035C7 /* Frameworks */ = {
			isa = PBXFrameworksBuildPhase;
			buildActionMask = 2147483647;
			files = (
			);
			runOnlyForDeploymentPostprocessing = 0;
		};
		354502071DE1DC62007035C7 /* Frameworks */ = {
			isa = PBXFrameworksBuildPhase;
			buildActionMask = 2147483647;
			files = (
			);
			runOnlyForDeploymentPostprocessing = 0;
		};
/* End PBXFrameworksBuildPhase section */

/* Begin PBXGroup section */
		354501DD1DE1DC62007035C7 = {
			isa = PBXGroup;
			children = (
				354501E81DE1DC62007035C7 /* 算法练习 */,
				354502021DE1DC62007035C7 /* 算法练习Tests */,
				3545020D1DE1DC62007035C7 /* 算法练习UITests */,
				354501E71DE1DC62007035C7 /* Products */,
			);
			sourceTree = "<group>";
		};
		354501E71DE1DC62007035C7 /* Products */ = {
			isa = PBXGroup;
			children = (
				354501E61DE1DC62007035C7 /* 算法练习.app */,
				354501FF1DE1DC62007035C7 /* 算法练习Tests.xctest */,
				3545020A1DE1DC62007035C7 /* 算法练习UITests.xctest */,
			);
			name = Products;
			sourceTree = "<group>";
		};
		354501E81DE1DC62007035C7 /* 算法练习 */ = {
			isa = PBXGroup;
			children = (
				354501EC1DE1DC62007035C7 /* AppDelegate.h */,
				354501ED1DE1DC62007035C7 /* AppDelegate.m */,
				354501EF1DE1DC62007035C7 /* ViewController.h */,
				354501F01DE1DC62007035C7 /* ViewController.m */,
				3545021C1DE1DC82007035C7 /* shuffleViewController.h */,
				3545021D1DE1DC82007035C7 /* shuffleViewController.m */,
				354501F21DE1DC62007035C7 /* Main.storyboard */,
				354501F51DE1DC62007035C7 /* Assets.xcassets */,
				354501F71DE1DC62007035C7 /* LaunchScreen.storyboard */,
				354501FA1DE1DC62007035C7 /* Info.plist */,
				354501E91DE1DC62007035C7 /* Supporting Files */,
			);
			path = "算法练习";
			sourceTree = "<group>";
		};
		354501E91DE1DC62007035C7 /* Supporting Files */ = {
			isa = PBXGroup;
			children = (
				354501EA1DE1DC62007035C7 /* main.m */,
			);
			name = "Supporting Files";
			sourceTree = "<group>";
		};
		354502021DE1DC62007035C7 /* 算法练习Tests */ = {
			isa = PBXGroup;
			children = (
				354502031DE1DC62007035C7 /* ____Tests.m */,
				354502051DE1DC62007035C7 /* Info.plist */,
			);
			path = "算法练习Tests";
			sourceTree = "<group>";
		};
		3545020D1DE1DC62007035C7 /* 算法练习UITests */ = {
			isa = PBXGroup;
			children = (
				3545020E1DE1DC62007035C7 /* ____UITests.m */,
				354502101DE1DC62007035C7 /* Info.plist */,
			);
			path = "算法练习UITests";
			sourceTree = "<group>";
		};
/* End PBXGroup section */

/* Begin PBXNativeTarget section */
		354501E51DE1DC62007035C7 /* 算法练习 */ = {
			isa = PBXNativeTarget;
			buildConfigurationList = 354502131DE1DC62007035C7 /* Build configuration list for PBXNativeTarget "算法练习" */;
			buildPhases = (
				354501E21DE1DC62007035C7 /* Sources */,
				354501E31DE1DC62007035C7 /* Frameworks */,
				354501E41DE1DC62007035C7 /* Resources */,
			);
			buildRules = (
			);
			dependencies = (
			);
			name = "算法练习";
			productName = "算法练习";
			productReference = 354501E61DE1DC62007035C7 /* 算法练习.app */;
			productType = "com.apple.product-type.application";
		};
		354501FE1DE1DC62007035C7 /* 算法练习Tests */ = {
			isa = PBXNativeTarget;
			buildConfigurationList = 354502161DE1DC62007035C7 /* Build configuration list for PBXNativeTarget "算法练习Tests" */;
			buildPhases = (
				354501FB1DE1DC62007035C7 /* Sources */,
				354501FC1DE1DC62007035C7 /* Frameworks */,
				354501FD1DE1DC62007035C7 /* Resources */,
			);
			buildRules = (
			);
			dependencies = (
				354502011DE1DC62007035C7 /* PBXTargetDependency */,
			);
			name = "算法练习Tests";
			productName = "算法练习Tests";
			productReference = 354501FF1DE1DC62007035C7 /* 算法练习Tests.xctest */;
			productType = "com.apple.product-type.bundle.unit-test";
		};
		354502091DE1DC62007035C7 /* 算法练习UITests */ = {
			isa = PBXNativeTarget;
			buildConfigurationList = 354502191DE1DC62007035C7 /* Build configuration list for PBXNativeTarget "算法练习UITests" */;
			buildPhases = (
				354502061DE1DC62007035C7 /* Sources */,
				354502071DE1DC62007035C7 /* Frameworks */,
				354502081DE1DC62007035C7 /* Resources */,
			);
			buildRules = (
			);
			dependencies = (
				3545020C1DE1DC62007035C7 /* PBXTargetDependency */,
			);
			name = "算法练习UITests";
			productName = "算法练习UITests";
			productReference = 3545020A1DE1DC62007035C7 /* 算法练习UITests.xctest */;
			productType = "com.apple.product-type.bundle.ui-testing";
		};
/* End PBXNativeTarget section */

/* Begin PBXProject section */
		354501DE1DE1DC62007035C7 /* Project object */ = {
			isa = PBXProject;
			attributes = {
				LastUpgradeCheck = 0800;
				ORGANIZATIONNAME = Baoy;
				TargetAttributes = {
					354501E51DE1DC62007035C7 = {
						CreatedOnToolsVersion = 8.0;
						DevelopmentTeam = 5SL47J4372;
						ProvisioningStyle = Automatic;
					};
					354501FE1DE1DC62007035C7 = {
						CreatedOnToolsVersion = 8.0;
						DevelopmentTeam = 5SL47J4372;
						ProvisioningStyle = Automatic;
						TestTargetID = 354501E51DE1DC62007035C7;
					};
					354502091DE1DC62007035C7 = {
						CreatedOnToolsVersion = 8.0;
						DevelopmentTeam = 5SL47J4372;
						ProvisioningStyle = Automatic;
						TestTargetID = 354501E51DE1DC62007035C7;
					};
				};
			};
			buildConfigurationList = 354501E11DE1DC62007035C7 /* Build configuration list for PBXProject "算法练习" */;
			compatibilityVersion = "Xcode 3.2";
			developmentRegion = English;
			hasScannedForEncodings = 0;
			knownRegions = (
				en,
				Base,
			);
			mainGroup = 354501DD1DE1DC62007035C7;
			productRefGroup = 354501E71DE1DC62007035C7 /* Products */;
			projectDirPath = "";
			projectRoot = "";
			targets = (
				354501E51DE1DC62007035C7 /* 算法练习 */,
				354501FE1DE1DC62007035C7 /* 算法练习Tests */,
				354502091DE1DC62007035C7 /* 算法练习UITests */,
			);
		};
/* End PBXProject section */

/* Begin PBXResourcesBuildPhase section */
		354501E41DE1DC62007035C7 /* Resources */ = {
			isa = PBXResourcesBuildPhase;
			buildActionMask = 2147483647;
			files = (
				354501F91DE1DC62007035C7 /* LaunchScreen.storyboard in Resources */,
				354501F61DE1DC62007035C7 /* Assets.xcassets in Resources */,
				354501F41DE1DC62007035C7 /* Main.storyboard in Resources */,
			);
			runOnlyForDeploymentPostprocessing = 0;
		};
		354501FD1DE1DC62007035C7 /* Resources */ = {
			isa = PBXResourcesBuildPhase;
			buildActionMask = 2147483647;
			files = (
			);
			runOnlyForDeploymentPostprocessing = 0;
		};
		354502081DE1DC62007035C7 /* Resources */ = {
			isa = PBXResourcesBuildPhase;
			buildActionMask = 2147483647;
			files = (
			);
			runOnlyForDeploymentPostprocessing = 0;
		};
/* End PBXResourcesBuildPhase section */

/* Begin PBXSourcesBuildPhase section */
		354501E21DE1DC62007035C7 /* Sources */ = {
			isa = PBXSourcesBuildPhase;
			buildActionMask = 2147483647;
			files = (
				354501F11DE1DC62007035C7 /* ViewController.m in Sources */,
				354501EE1DE1DC62007035C7 /* AppDelegate.m in Sources */,
				3545021E1DE1DC82007035C7 /* shuffleViewController.m in Sources */,
				354501EB1DE1DC62007035C7 /* main.m in Sources */,
			);
			runOnlyForDeploymentPostprocessing = 0;
		};
		354501FB1DE1DC62007035C7 /* Sources */ = {
			isa = PBXSourcesBuildPhase;
			buildActionMask = 2147483647;
			files = (
				354502041DE1DC62007035C7 /* ____Tests.m in Sources */,
			);
			runOnlyForDeploymentPostprocessing = 0;
		};
		354502061DE1DC62007035C7 /* Sources */ = {
			isa = PBXSourcesBuildPhase;
			buildActionMask = 2147483647;
			files = (
				3545020F1DE1DC62007035C7 /* ____UITests.m in Sources */,
			);
			runOnlyForDeploymentPostprocessing = 0;
		};
/* End PBXSourcesBuildPhase section */

/* Begin PBXTargetDependency section */
		354502011DE1DC62007035C7 /* PBXTargetDependency */ = {
			isa = PBXTargetDependency;
			target = 354501E51DE1DC62007035C7 /* 算法练习 */;
			targetProxy = 354502001DE1DC62007035C7 /* PBXContainerItemProxy */;
		};
		3545020C1DE1DC62007035C7 /* PBXTargetDependency */ = {
			isa = PBXTargetDependency;
			target = 354501E51DE1DC62007035C7 /* 算法练习 */;
			targetProxy = 3545020B1DE1DC62007035C7 /* PBXContainerItemProxy */;
		};
/* End PBXTargetDependency section */

/* Begin PBXVariantGroup section */
		354501F21DE1DC62007035C7 /* Main.storyboard */ = {
			isa = PBXVariantGroup;
			children = (
				354501F31DE1DC62007035C7 /* Base */,
			);
			name = Main.storyboard;
			sourceTree = "<group>";
		};
		354501F71DE1DC62007035C7 /* LaunchScreen.storyboard */ = {
			isa = PBXVariantGroup;
			children = (
				354501F81DE1DC62007035C7 /* Base */,
			);
			name = LaunchScreen.storyboard;
			sourceTree = "<group>";
		};
/* End PBXVariantGroup section */

/* Begin XCBuildConfiguration section */
		354502111DE1DC62007035C7 /* Debug */ = {
			isa = XCBuildConfiguration;
			buildSettings = {
				ALWAYS_SEARCH_USER_PATHS = NO;
				CLANG_ANALYZER_NONNULL = YES;
				CLANG_CXX_LANGUAGE_STANDARD = "gnu++0x";
				CLANG_CXX_LIBRARY = "libc++";
				CLANG_ENABLE_MODULES = YES;
				CLANG_ENABLE_OBJC_ARC = YES;
				CLANG_WARN_BOOL_CONVERSION = YES;
				CLANG_WARN_CONSTANT_CONVERSION = YES;
				CLANG_WARN_DIRECT_OBJC_ISA_USAGE = YES_ERROR;
				CLANG_WARN_DOCUMENTATION_COMMENTS = YES;
				CLANG_WARN_EMPTY_BODY = YES;
				CLANG_WARN_ENUM_CONVERSION = YES;
				CLANG_WARN_INFINITE_RECURSION = YES;
				CLANG_WARN_INT_CONVERSION = YES;
				CLANG_WARN_OBJC_ROOT_CLASS = YES_ERROR;
				CLANG_WARN_SUSPICIOUS_MOVES = YES;
				CLANG_WARN_UNREACHABLE_CODE = YES;
				CLANG_WARN__DUPLICATE_METHOD_MATCH = YES;
				"CODE_SIGN_IDENTITY[sdk=iphoneos*]" = "iPhone Developer";
				COPY_PHASE_STRIP = NO;
				DEBUG_INFORMATION_FORMAT = dwarf;
				ENABLE_STRICT_OBJC_MSGSEND = YES;
				ENABLE_TESTABILITY = YES;
				GCC_C_LANGUAGE_STANDARD = gnu99;
				GCC_DYNAMIC_NO_PIC = NO;
				GCC_NO_COMMON_BLOCKS = YES;
				GCC_OPTIMIZATION_LEVEL = 0;
				GCC_PREPROCESSOR_DEFINITIONS = (
					"DEBUG=1",
					"$(inherited)",
				);
				GCC_WARN_64_TO_32_BIT_CONVERSION = YES;
				GCC_WARN_ABOUT_RETURN_TYPE = YES_ERROR;
				GCC_WARN_UNDECLARED_SELECTOR = YES;
				GCC_WARN_UNINITIALIZED_AUTOS = YES_AGGRESSIVE;
				GCC_WARN_UNUSED_FUNCTION = YES;
				GCC_WARN_UNUSED_VARIABLE = YES;
				IPHONEOS_DEPLOYMENT_TARGET = 10.0;
				MTL_ENABLE_DEBUG_INFO = YES;
				ONLY_ACTIVE_ARCH = YES;
				SDKROOT = iphoneos;
			};
			name = Debug;
		};
		354502121DE1DC62007035C7 /* Release */ = {
			isa = XCBuildConfiguration;
			buildSettings = {
				ALWAYS_SEARCH_USER_PATHS = NO;
				CLANG_ANALYZER_NONNULL = YES;
				CLANG_CXX_LANGUAGE_STANDARD = "gnu++0x";
				CLANG_CXX_LIBRARY = "libc++";
				CLANG_ENABLE_MODULES = YES;
				CLANG_ENABLE_OBJC_ARC = YES;
				CLANG_WARN_BOOL_CONVERSION = YES;
				CLANG_WARN_CONSTANT_CONVERSION = YES;
				CLANG_WARN_DIRECT_OBJC_ISA_USAGE = YES_ERROR;
				CLANG_WARN_DOCUMENTATION_COMMENTS = YES;
				CLANG_WARN_EMPTY_BODY = YES;
				CLANG_WARN_ENUM_CONVERSION = YES;
				CLANG_WARN_INFINITE_RECURSION = YES;
				CLANG_WARN_INT_CONVERSION = YES;
				CLANG_WARN_OBJC_ROOT_CLASS = YES_ERROR;
				CLANG_WARN_SUSPICIOUS_MOVES = YES;
				CLANG_WARN_UNREACHABLE_CODE = YES;
				CLANG_WARN__DUPLICATE_METHOD_MATCH = YES;
				"CODE_SIGN_IDENTITY[sdk=iphoneos*]" = "iPhone Developer";
				COPY_PHASE_STRIP = NO;
				DEBUG_INFORMATION_FORMAT = "dwarf-with-dsym";
				ENABLE_NS_ASSERTIONS = NO;
				ENABLE_STRICT_OBJC_MSGSEND = YES;
				GCC_C_LANGUAGE_STANDARD = gnu99;
				GCC_NO_COMMON_BLOCKS = YES;
				GCC_WARN_64_TO_32_BIT_CONVERSION = YES;
				GCC_WARN_ABOUT_RETURN_TYPE = YES_ERROR;
				GCC_WARN_UNDECLARED_SELECTOR = YES;
				GCC_WARN_UNINITIALIZED_AUTOS = YES_AGGRESSIVE;
				GCC_WARN_UNUSED_FUNCTION = YES;
				GCC_WARN_UNUSED_VARIABLE = YES;
				IPHONEOS_DEPLOYMENT_TARGET = 10.0;
				MTL_ENABLE_DEBUG_INFO = NO;
				SDKROOT = iphoneos;
				VALIDATE_PRODUCT = YES;
			};
			name = Release;
		};
		354502141DE1DC62007035C7 /* Debug */ = {
			isa = XCBuildConfiguration;
			buildSettings = {
				ASSETCATALOG_COMPILER_APPICON_NAME = AppIcon;
				DEVELOPMENT_TEAM = 5SL47J4372;
				INFOPLIST_FILE = "算法练习/Info.plist";
				LD_RUNPATH_SEARCH_PATHS = "$(inherited) @executable_path/Frameworks";
				PRODUCT_BUNDLE_IDENTIFIER = "me.instask.----";
				PRODUCT_NAME = "$(TARGET_NAME)";
			};
			name = Debug;
		};
		354502151DE1DC62007035C7 /* Release */ = {
			isa = XCBuildConfiguration;
			buildSettings = {
				ASSETCATALOG_COMPILER_APPICON_NAME = AppIcon;
				DEVELOPMENT_TEAM = 5SL47J4372;
				INFOPLIST_FILE = "算法练习/Info.plist";
				LD_RUNPATH_SEARCH_PATHS = "$(inherited) @executable_path/Frameworks";
				PRODUCT_BUNDLE_IDENTIFIER = "me.instask.----";
				PRODUCT_NAME = "$(TARGET_NAME)";
			};
			name = Release;
		};
		354502171DE1DC62007035C7 /* Debug */ = {
			isa = XCBuildConfiguration;
			buildSettings = {
				BUNDLE_LOADER = "$(TEST_HOST)";
				DEVELOPMENT_TEAM = 5SL47J4372;
				INFOPLIST_FILE = "算法练习Tests/Info.plist";
				LD_RUNPATH_SEARCH_PATHS = "$(inherited) @executable_path/Frameworks @loader_path/Frameworks";
				PRODUCT_BUNDLE_IDENTIFIER = "me.instask.----Tests";
				PRODUCT_NAME = "$(TARGET_NAME)";
				TEST_HOST = "$(BUILT_PRODUCTS_DIR)/算法练习.app/算法练习";
			};
			name = Debug;
		};
		354502181DE1DC62007035C7 /* Release */ = {
			isa = XCBuildConfiguration;
			buildSettings = {
				BUNDLE_LOADER = "$(TEST_HOST)";
				DEVELOPMENT_TEAM = 5SL47J4372;
				INFOPLIST_FILE = "算法练习Tests/Info.plist";
				LD_RUNPATH_SEARCH_PATHS = "$(inherited) @executable_path/Frameworks @loader_path/Frameworks";
				PRODUCT_BUNDLE_IDENTIFIER = "me.instask.----Tests";
				PRODUCT_NAME = "$(TARGET_NAME)";
				TEST_HOST = "$(BUILT_PRODUCTS_DIR)/算法练习.app/算法练习";
			};
			name = Release;
		};
		3545021A1DE1DC62007035C7 /* Debug */ = {
			isa = XCBuildConfiguration;
			buildSettings = {
				DEVELOPMENT_TEAM = 5SL47J4372;
				INFOPLIST_FILE = "算法练习UITests/Info.plist";
				LD_RUNPATH_SEARCH_PATHS = "$(inherited) @executable_path/Frameworks @loader_path/Frameworks";
				PRODUCT_BUNDLE_IDENTIFIER = "me.instask.----UITests";
				PRODUCT_NAME = "$(TARGET_NAME)";
				TEST_TARGET_NAME = "算法练习";
			};
			name = Debug;
		};
		3545021B1DE1DC62007035C7 /* Release */ = {
			isa = XCBuildConfiguration;
			buildSettings = {
				DEVELOPMENT_TEAM = 5SL47J4372;
				INFOPLIST_FILE = "算法练习UITests/Info.plist";
				LD_RUNPATH_SEARCH_PATHS = "$(inherited) @executable_path/Frameworks @loader_path/Frameworks";
				PRODUCT_BUNDLE_IDENTIFIER = "me.instask.----UITests";
				PRODUCT_NAME = "$(TARGET_NAME)";
				TEST_TARGET_NAME = "算法练习";
			};
			name = Release;
		};
/* End XCBuildConfiguration section */

/* Begin XCConfigurationList section */
		354501E11DE1DC62007035C7 /* Build configuration list for PBXProject "算法练习" */ = {
			isa = XCConfigurationList;
			buildConfigurations = (
				354502111DE1DC62007035C7 /* Debug */,
				354502121DE1DC62007035C7 /* Release */,
			);
			defaultConfigurationIsVisible = 0;
			defaultConfigurationName = Release;
		};
		354502131DE1DC62007035C7 /* Build configuration list for PBXNativeTarget "算法练习" */ = {
			isa = XCConfigurationList;
			buildConfigurations = (
				354502141DE1DC62007035C7 /* Debug */,
				354502151DE1DC62007035C7 /* Release */,
			);
			defaultConfigurationIsVisible = 0;
		};
		354502161DE1DC62007035C7 /* Build configuration list for PBXNativeTarget "算法练习Tests" */ = {
			isa = XCConfigurationList;
			buildConfigurations = (
				354502171DE1DC62007035C7 /* Debug */,
				354502181DE1DC62007035C7 /* Release */,
			);
			defaultConfigurationIsVisible = 0;
		};
		354502191DE1DC62007035C7 /* Build configuration list for PBXNativeTarget "算法练习UITests" */ = {
			isa = XCConfigurationList;
			buildConfigurations = (
				3545021A1DE1DC62007035C7 /* Debug */,
				3545021B1DE1DC62007035C7 /* Release */,
			);
			defaultConfigurationIsVisible = 0;
		};
/* End XCConfigurationList section */
	};
	rootObject = 354501DE1DE1DC62007035C7 /* Project object */;
}
